// !$*UTF8*$!
{
	archiveVersion = 1;
	classes = {
	};
	objectVersion = 56;
	objects = {

/* Begin PBXBuildFile section */
		F5D7B9DF6332D9258FE3765D /* TeamoAApp.swift in Sources */ = {isa = PBXBuildFile; fileRef = F7CDE3F1FECA560CD9F3EBF3 /* TeamoAApp.swift */; };
		F3EB1DD40F7AFFCF4C5B2777 /* ContentView.swift in Sources */ = {isa = PBXBuildFile; fileRef = 0A8C13525269D9F9FAC9D986 /* ContentView.swift */; };
		E9C06970C1A865A68A14150A /* AgentEngine.swift in Sources */ = {isa = PBXBuildFile; fileRef = 560B51A1DCB4A04AD6ED3837 /* AgentEngine.swift */; };
		53D38D1F610EAFF630462CC3 /* Project.swift in Sources */ = {isa = PBXBuildFile; fileRef = A7C952C522C86C817C919205 /* Project.swift */; };
		F8A7C81D2FE2686F192E1491 /* Goal.swift in Sources */ = {isa = PBXBuildFile; fileRef = 976D91A20C76484BD2F67364 /* Goal.swift */; };
		40B48E5DB3CBB23D7F648210 /* Issue.swift in Sources */ = {isa = PBXBuildFile; fileRef = 76FD88CB18541404684E88A0 /* Issue.swift */; };
		70654F86FDDF5D279061A972 /* Agent.swift in Sources */ = {isa = PBXBuildFile; fileRef = 178654EB44CEE4DD8352963B /* Agent.swift */; };
		C0F306E5E516764E42F7A52C /* ActivityEvent.swift in Sources */ = {isa = PBXBuildFile; fileRef = 0B77E7117BF75A8FE9D59E08 /* ActivityEvent.swift */; };
		C786E081705B8B4262FA74D7 /* PTYManager.swift in Sources */ = {isa = PBXBuildFile; fileRef = C5D587CEB69CD2740635F12F /* PTYManager.swift */; };
		D54AF0F2BA6B49B0815D699D /* TerminalSessionManager.swift in Sources */ = {isa = PBXBuildFile; fileRef = D558B4FA5ED743078AA3F262 /* TerminalSessionManager.swift */; };
		FD64B4F704F6D3C0D3E78D3B /* AgentStateDetector.swift in Sources */ = {isa = PBXBuildFile; fileRef = D53B6A8CBB66BA3D0D75235A /* AgentStateDetector.swift */; };
		AF2736EB4BB7D6AFECA8321D /* NotificationService.swift in Sources */ = {isa = PBXBuildFile; fileRef = 0BA598DF8F6BB0151C846605 /* NotificationService.swift */; };
		1FA05C8BB97CDDCA0BFC9334 /* ProjectStore.swift in Sources */ = {isa = PBXBuildFile; fileRef = 9A4D0D7B44B8F583CA93DB94 /* ProjectStore.swift */; };
		6DC5962D68D1518F2CB6F78C /* SidebarView.swift in Sources */ = {isa = PBXBuildFile; fileRef = 72F84D7CC1C53FED0A3BDBBF /* SidebarView.swift */; };
		ACD0765BF25228DCAC80C746 /* DashboardView.swift in Sources */ = {isa = PBXBuildFile; fileRef = 003E83886E57C5B1F91A8EFD /* DashboardView.swift */; };
		14B2A04AD91D31EF45B8E00B /* StatCard.swift in Sources */ = {isa = PBXBuildFile; fileRef = 4AC58B883F0C25BF8C68C51A /* StatCard.swift */; };
		8023A68EF667628919A99753 /* ActivityFeedView.swift in Sources */ = {isa = PBXBuildFile; fileRef = 864A4DB0ACDEB5170B7B5BAA /* ActivityFeedView.swift */; };
		6C0C5775DC2D584C92D675AE /* GoalsListView.swift in Sources */ = {isa = PBXBuildFile; fileRef = D989783507A1F21E88D97EBE /* GoalsListView.swift */; };
		FEFBFC804A6A9E390E6CF140 /* CreateGoalView.swift in Sources */ = {isa = PBXBuildFile; fileRef = 975C936C62BB0F2922CFF169 /* CreateGoalView.swift */; };
		D44C206CCE20192FF75B5D39 /* IssuesListView.swift in Sources */ = {isa = PBXBuildFile; fileRef = 4E8946A429329DB0A4FEF36D /* IssuesListView.swift */; };
		B8D3D4402BF6ACAF937612A6 /* IssueDetailView.swift in Sources */ = {isa = PBXBuildFile; fileRef = 0FB865CA053D48E6DEFE571A /* IssueDetailView.swift */; };
		0E30F35CED954AE9B06471DF /* CreateIssueView.swift in Sources */ = {isa = PBXBuildFile; fileRef = A2614513950ADAFD8C6A516F /* CreateIssueView.swift */; };
		496699CE082571AA4217C046 /* AgentDetailView.swift in Sources */ = {isa = PBXBuildFile; fileRef = 4EABB6CD8022CA75766DCF79 /* AgentDetailView.swift */; };
		B2FF7B239E40A028E100EC35 /* SwiftTermView.swift in Sources */ = {isa = PBXBuildFile; fileRef = 0623BF077F9DD8F2D8322492 /* SwiftTermView.swift */; };
		25C4B6849572A0C8275417E5 /* TerminalContainerView.swift in Sources */ = {isa = PBXBuildFile; fileRef = 4C5542F232B272783E8C84A1 /* TerminalContainerView.swift */; };
		6F48B4C7E47A60B4C5619FA2 /* InputAreaView.swift in Sources */ = {isa = PBXBuildFile; fileRef = 4DE3074B73DF48582672B385 /* InputAreaView.swift */; };
		03D0FAEF7ABFA96301E1F83E /* StatusBadge.swift in Sources */ = {isa = PBXBuildFile; fileRef = A5832927F284C360971714F2 /* StatusBadge.swift */; };
		96024882B00CC2B4806DF917 /* EngineIcon.swift in Sources */ = {isa = PBXBuildFile; fileRef = F6B898C4D753483721F2C2F6 /* EngineIcon.swift */; };
		D2D8D95CA703EDF7210D0048 /* Assets.xcassets in Resources */ = {isa = PBXBuildFile; fileRef = 39DF35C5B235782381DC07AE /* Assets.xcassets */; };
		C63A26F10DCB4FF127C6ABA0 /* SwiftTerm in Frameworks */ = {isa = PBXBuildFile; productRef = 9CE0B8D89C8DCF9B2C9960F7 /* SwiftTerm */; };
/* End PBXBuildFile section */

/* Begin PBXFileReference section */
		F7CDE3F1FECA560CD9F3EBF3 /* TeamoAApp.swift */ = {isa = PBXFileReference; lastKnownFileType = sourcecode.swift; path = "TeamoAApp.swift"; sourceTree = "<group>"; };
		0A8C13525269D9F9FAC9D986 /* ContentView.swift */ = {isa = PBXFileReference; lastKnownFileType = sourcecode.swift; path = "ContentView.swift"; sourceTree = "<group>"; };
		560B51A1DCB4A04AD6ED3837 /* AgentEngine.swift */ = {isa = PBXFileReference; lastKnownFileType = sourcecode.swift; path = "AgentEngine.swift"; sourceTree = "<group>"; };
		A7C952C522C86C817C919205 /* Project.swift */ = {isa = PBXFileReference; lastKnownFileType = sourcecode.swift; path = "Project.swift"; sourceTree = "<group>"; };
		976D91A20C76484BD2F67364 /* Goal.swift */ = {isa = PBXFileReference; lastKnownFileType = sourcecode.swift; path = "Goal.swift"; sourceTree = "<group>"; };
		76FD88CB18541404684E88A0 /* Issue.swift */ = {isa = PBXFileReference; lastKnownFileType = sourcecode.swift; path = "Issue.swift"; sourceTree = "<group>"; };
		178654EB44CEE4DD8352963B /* Agent.swift */ = {isa = PBXFileReference; lastKnownFileType = sourcecode.swift; path = "Agent.swift"; sourceTree = "<group>"; };
		0B77E7117BF75A8FE9D59E08 /* ActivityEvent.swift */ = {isa = PBXFileReference; lastKnownFileType = sourcecode.swift; path = "ActivityEvent.swift"; sourceTree = "<group>"; };
		C5D587CEB69CD2740635F12F /* PTYManager.swift */ = {isa = PBXFileReference; lastKnownFileType = sourcecode.swift; path = "PTYManager.swift"; sourceTree = "<group>"; };
		D558B4FA5ED743078AA3F262 /* TerminalSessionManager.swift */ = {isa = PBXFileReference; lastKnownFileType = sourcecode.swift; path = TerminalSessionManager.swift; sourceTree = "<group>"; };
		D53B6A8CBB66BA3D0D75235A /* AgentStateDetector.swift */ = {isa = PBXFileReference; lastKnownFileType = sourcecode.swift; path = "AgentStateDetector.swift"; sourceTree = "<group>"; };
		0BA598DF8F6BB0151C846605 /* NotificationService.swift */ = {isa = PBXFileReference; lastKnownFileType = sourcecode.swift; path = "NotificationService.swift"; sourceTree = "<group>"; };
		9A4D0D7B44B8F583CA93DB94 /* ProjectStore.swift */ = {isa = PBXFileReference; lastKnownFileType = sourcecode.swift; path = "ProjectStore.swift"; sourceTree = "<group>"; };
		72F84D7CC1C53FED0A3BDBBF /* SidebarView.swift */ = {isa = PBXFileReference; lastKnownFileType = sourcecode.swift; path = "SidebarView.swift"; sourceTree = "<group>"; };
		003E83886E57C5B1F91A8EFD /* DashboardView.swift */ = {isa = PBXFileReference; lastKnownFileType = sourcecode.swift; path = "DashboardView.swift"; sourceTree = "<group>"; };
		4AC58B883F0C25BF8C68C51A /* StatCard.swift */ = {isa = PBXFileReference; lastKnownFileType = sourcecode.swift; path = "StatCard.swift"; sourceTree = "<group>"; };
		864A4DB0ACDEB5170B7B5BAA /* ActivityFeedView.swift */ = {isa = PBXFileReference; lastKnownFileType = sourcecode.swift; path = "ActivityFeedView.swift"; sourceTree = "<group>"; };
		D989783507A1F21E88D97EBE /* GoalsListView.swift */ = {isa = PBXFileReference; lastKnownFileType = sourcecode.swift; path = "GoalsListView.swift"; sourceTree = "<group>"; };
		975C936C62BB0F2922CFF169 /* CreateGoalView.swift */ = {isa = PBXFileReference; lastKnownFileType = sourcecode.swift; path = "CreateGoalView.swift"; sourceTree = "<group>"; };
		4E8946A429329DB0A4FEF36D /* IssuesListView.swift */ = {isa = PBXFileReference; lastKnownFileType = sourcecode.swift; path = "IssuesListView.swift"; sourceTree = "<group>"; };
		0FB865CA053D48E6DEFE571A /* IssueDetailView.swift */ = {isa = PBXFileReference; lastKnownFileType = sourcecode.swift; path = "IssueDetailView.swift"; sourceTree = "<group>"; };
		A2614513950ADAFD8C6A516F /* CreateIssueView.swift */ = {isa = PBXFileReference; lastKnownFileType = sourcecode.swift; path = "CreateIssueView.swift"; sourceTree = "<group>"; };
		4EABB6CD8022CA75766DCF79 /* AgentDetailView.swift */ = {isa = PBXFileReference; lastKnownFileType = sourcecode.swift; path = "AgentDetailView.swift"; sourceTree = "<group>"; };
		0623BF077F9DD8F2D8322492 /* SwiftTermView.swift */ = {isa = PBXFileReference; lastKnownFileType = sourcecode.swift; path = "SwiftTermView.swift"; sourceTree = "<group>"; };
		4C5542F232B272783E8C84A1 /* TerminalContainerView.swift */ = {isa = PBXFileReference; lastKnownFileType = sourcecode.swift; path = "TerminalContainerView.swift"; sourceTree = "<group>"; };
		4DE3074B73DF48582672B385 /* InputAreaView.swift */ = {isa = PBXFileReference; lastKnownFileType = sourcecode.swift; path = "InputAreaView.swift"; sourceTree = "<group>"; };
		A5832927F284C360971714F2 /* StatusBadge.swift */ = {isa = PBXFileReference; lastKnownFileType = sourcecode.swift; path = "StatusBadge.swift"; sourceTree = "<group>"; };
		F6B898C4D753483721F2C2F6 /* EngineIcon.swift */ = {isa = PBXFileReference; lastKnownFileType = sourcecode.swift; path = "EngineIcon.swift"; sourceTree = "<group>"; };
		39DF35C5B235782381DC07AE /* Assets.xcassets */ = {isa = PBXFileReference; lastKnownFileType = folder.assetcatalog; path = "Assets.xcassets"; sourceTree = "<group>"; };
		90F19FB24A3D4E0CECCBB391 /* Info.plist */ = {isa = PBXFileReference; lastKnownFileType = text.plist.xml; path = "Info.plist"; sourceTree = "<group>"; };
		447BA75BCCBEC31888890E33 /* TeamoA.entitlements */ = {isa = PBXFileReference; lastKnownFileType = text.plist.entitlements; path = "TeamoA.entitlements"; sourceTree = "<group>"; };
		A97C29AD63741CF438998CE6 /* TeamoA.app */ = {isa = PBXFileReference; explicitFileType = wrapper.application; includeInIndex = 0; path = "TeamoA.app"; sourceTree = BUILT_PRODUCTS_DIR; };
/* End PBXFileReference section */

/* Begin PBXFrameworksBuildPhase section */
		29B2D46AA747A59804D46E1F /* Frameworks */ = {
			isa = PBXFrameworksBuildPhase;
			buildActionMask = 2147483647;
			files = (
				C63A26F10DCB4FF127C6ABA0 /* SwiftTerm in Frameworks */,
			);
			runOnlyForDeploymentPostprocessing = 0;
		};
/* End PBXFrameworksBuildPhase section */

/* Begin PBXGroup section */
		5928955287B8089ED2177128 = {
			isa = PBXGroup;
			children = (
				D685C104AFFBCF83C7CB0FB6 /* TeamoA */,
				BF7A2D27A78D590BDEF15AF2 /* Products */,
			);
			sourceTree = "<group>";
		};
		BF7A2D27A78D590BDEF15AF2 /* Products */ = {
			isa = PBXGroup;
			children = (
				A97C29AD63741CF438998CE6 /* TeamoA.app */,
			);
			name = Products;
			sourceTree = "<group>";
		};
		D685C104AFFBCF83C7CB0FB6 /* TeamoA */ = {
			isa = PBXGroup;
			children = (
				F7CDE3F1FECA560CD9F3EBF3 /* TeamoAApp.swift */,
				0A8C13525269D9F9FAC9D986 /* ContentView.swift */,
				C9E04F99D8E7C9D4D391AEF8 /* Models */,
				9C035E7454E6255EF4EA445C /* Services */,
				9F58BDF7D4F04F6C4DC3CB6C /* Views */,
				AE59D88C5460D2413CB142C1 /* Resources */,
				90F19FB24A3D4E0CECCBB391 /* Info.plist */,
				447BA75BCCBEC31888890E33 /* TeamoA.entitlements */,
			);
			path = TeamoA;
			sourceTree = "<group>";
		};
		C9E04F99D8E7C9D4D391AEF8 /* Models */ = {
			isa = PBXGroup;
			children = (
				560B51A1DCB4A04AD6ED3837 /* AgentEngine.swift */,
				A7C952C522C86C817C919205 /* Project.swift */,
				976D91A20C76484BD2F67364 /* Goal.swift */,
				76FD88CB18541404684E88A0 /* Issue.swift */,
				178654EB44CEE4DD8352963B /* Agent.swift */,
				0B77E7117BF75A8FE9D59E08 /* ActivityEvent.swift */
			);
			path = Models;
			sourceTree = "<group>";
		};
		9C035E7454E6255EF4EA445C /* Services */ = {
			isa = PBXGroup;
			children = (
				C5D587CEB69CD2740635F12F /* PTYManager.swift */,
				D558B4FA5ED743078AA3F262 /* TerminalSessionManager.swift */,
				D53B6A8CBB66BA3D0D75235A /* AgentStateDetector.swift */,
				0BA598DF8F6BB0151C846605 /* NotificationService.swift */,
				9A4D0D7B44B8F583CA93DB94 /* ProjectStore.swift */
			);
			path = Services;
			sourceTree = "<group>";
		};
		9F58BDF7D4F04F6C4DC3CB6C /* Views */ = {
			isa = PBXGroup;
			children = (
				72F84D7CC1C53FED0A3BDBBF /* SidebarView.swift */,
				7D10DE6616F4349475E0D099 /* Dashboard */,
				549B950EF287DB3E871E9B22 /* Goals */,
				1115E23290251841AD984E94 /* Issues */,
				8214CDC16849EF4BA4B7AA39 /* Agents */,
				F31464CB7203A68C78A14A89 /* Terminal */,
				9B8EA7C3EDD85BDD3B598AA8 /* Shared */,
			);
			path = Views;
			sourceTree = "<group>";
		};
		7D10DE6616F4349475E0D099 /* Dashboard */ = {
			isa = PBXGroup;
			children = (
				003E83886E57C5B1F91A8EFD /* DashboardView.swift */,
				4AC58B883F0C25BF8C68C51A /* StatCard.swift */,
				864A4DB0ACDEB5170B7B5BAA /* ActivityFeedView.swift */
			);
			path = Dashboard;
			sourceTree = "<group>";
		};
		549B950EF287DB3E871E9B22 /* Goals */ = {
			isa = PBXGroup;
			children = (
				D989783507A1F21E88D97EBE /* GoalsListView.swift */,
				975C936C62BB0F2922CFF169 /* CreateGoalView.swift */
			);
			path = Goals;
			sourceTree = "<group>";
		};
		1115E23290251841AD984E94 /* Issues */ = {
			isa = PBXGroup;
			children = (
				4E8946A429329DB0A4FEF36D /* IssuesListView.swift */,
				0FB865CA053D48E6DEFE571A /* IssueDetailView.swift */,
				A2614513950ADAFD8C6A516F /* CreateIssueView.swift */
			);
			path = Issues;
			sourceTree = "<group>";
		};
		8214CDC16849EF4BA4B7AA39 /* Agents */ = {
			isa = PBXGroup;
			children = (
				4EABB6CD8022CA75766DCF79 /* AgentDetailView.swift */
			);
			path = Agents;
			sourceTree = "<group>";
		};
		F31464CB7203A68C78A14A89 /* Terminal */ = {
			isa = PBXGroup;
			children = (
				0623BF077F9DD8F2D8322492 /* SwiftTermView.swift */,
				4C5542F232B272783E8C84A1 /* TerminalContainerView.swift */,
				4DE3074B73DF48582672B385 /* InputAreaView.swift */
			);
			path = Terminal;
			sourceTree = "<group>";
		};
		9B8EA7C3EDD85BDD3B598AA8 /* Shared */ = {
			isa = PBXGroup;
			children = (
				A5832927F284C360971714F2 /* StatusBadge.swift */,
				F6B898C4D753483721F2C2F6 /* EngineIcon.swift */
			);
			path = Shared;
			sourceTree = "<group>";
		};
		AE59D88C5460D2413CB142C1 /* Resources */ = {
			isa = PBXGroup;
			children = (
				39DF35C5B235782381DC07AE /* Assets.xcassets */
			);
			path = Resources;
			sourceTree = "<group>";
		};
/* End PBXGroup section */

/* Begin PBXNativeTarget section */
		42AEFBAE01D2DFD981F7DA7D /* TeamoA */ = {
			isa = PBXNativeTarget;
			buildConfigurationList = 210C36C6289F9B5EE230C602;
			buildPhases = (
				E7209FB05162B7572F88D05E /* Sources */,
				29B2D46AA747A59804D46E1F /* Frameworks */,
				66F8606E9F0A136E2228EBCB /* Resources */,
			);
			buildRules = ();
			dependencies = ();
			name = TeamoA;
			packageProductDependencies = (
				9CE0B8D89C8DCF9B2C9960F7 /* SwiftTerm */,
			);
			productName = TeamoA;
			productReference = A97C29AD63741CF438998CE6 /* TeamoA.app */;
			productType = "com.apple.product-type.application";
		};
/* End PBXNativeTarget section */

/* Begin PBXProject section */
		46F86FAA6BBF9AC94A7E4595 /* Project object */ = {
			isa = PBXProject;
			attributes = {
				BuildIndependentTargetsInParallel = 1;
				LastSwiftUpdateCheck = 1430;
				LastUpgradeCheck = 1430;
			};
			buildConfigurationList = 6EBC3EC1F32488E30AF9876B;
			compatibilityVersion = "Xcode 14.0";
			developmentRegion = en;
			hasScannedForEncodings = 0;
			knownRegions = (en, Base);
			mainGroup = 5928955287B8089ED2177128;
			packageReferences = (
				74BB83A59DAB176451068784 /* XCRemoteSwiftPackageReference "SwiftTerm" */,
			);
			productRefGroup = BF7A2D27A78D590BDEF15AF2 /* Products */;
			projectDirPath = "";
			projectRoot = "";
			targets = (42AEFBAE01D2DFD981F7DA7D /* TeamoA */);
		};
/* End PBXProject section */

/* Begin PBXResourcesBuildPhase section */
		66F8606E9F0A136E2228EBCB /* Resources */ = {
			isa = PBXResourcesBuildPhase;
			buildActionMask = 2147483647;
			files = (
				D2D8D95CA703EDF7210D0048 /* Assets.xcassets in Resources */
			);
			runOnlyForDeploymentPostprocessing = 0;
		};
/* End PBXResourcesBuildPhase section */

/* Begin PBXSourcesBuildPhase section */
		E7209FB05162B7572F88D05E /* Sources */ = {
			isa = PBXSourcesBuildPhase;
			buildActionMask = 2147483647;
			files = (
				F5D7B9DF6332D9258FE3765D /* TeamoAApp.swift in Sources */,
				F3EB1DD40F7AFFCF4C5B2777 /* ContentView.swift in Sources */,
				E9C06970C1A865A68A14150A /* AgentEngine.swift in Sources */,
				53D38D1F610EAFF630462CC3 /* Project.swift in Sources */,
				F8A7C81D2FE2686F192E1491 /* Goal.swift in Sources */,
				40B48E5DB3CBB23D7F648210 /* Issue.swift in Sources */,
				70654F86FDDF5D279061A972 /* Agent.swift in Sources */,
				C0F306E5E516764E42F7A52C /* ActivityEvent.swift in Sources */,
				C786E081705B8B4262FA74D7 /* PTYManager.swift in Sources */,
				D54AF0F2BA6B49B0815D699D /* TerminalSessionManager.swift in Sources */,
				FD64B4F704F6D3C0D3E78D3B /* AgentStateDetector.swift in Sources */,
				AF2736EB4BB7D6AFECA8321D /* NotificationService.swift in Sources */,
				1FA05C8BB97CDDCA0BFC9334 /* ProjectStore.swift in Sources */,
				6DC5962D68D1518F2CB6F78C /* SidebarView.swift in Sources */,
				ACD0765BF25228DCAC80C746 /* DashboardView.swift in Sources */,
				14B2A04AD91D31EF45B8E00B /* StatCard.swift in Sources */,
				8023A68EF667628919A99753 /* ActivityFeedView.swift in Sources */,
				6C0C5775DC2D584C92D675AE /* GoalsListView.swift in Sources */,
				FEFBFC804A6A9E390E6CF140 /* CreateGoalView.swift in Sources */,
				D44C206CCE20192FF75B5D39 /* IssuesListView.swift in Sources */,
				B8D3D4402BF6ACAF937612A6 /* IssueDetailView.swift in Sources */,
				0E30F35CED954AE9B06471DF /* CreateIssueView.swift in Sources */,
				496699CE082571AA4217C046 /* AgentDetailView.swift in Sources */,
				B2FF7B239E40A028E100EC35 /* SwiftTermView.swift in Sources */,
				25C4B6849572A0C8275417E5 /* TerminalContainerView.swift in Sources */,
				6F48B4C7E47A60B4C5619FA2 /* InputAreaView.swift in Sources */,
				03D0FAEF7ABFA96301E1F83E /* StatusBadge.swift in Sources */,
				96024882B00CC2B4806DF917 /* EngineIcon.swift in Sources */
			);
			runOnlyForDeploymentPostprocessing = 0;
		};
/* End PBXSourcesBuildPhase section */

/* Begin XCBuildConfiguration section */
		A3FA7BC046E62B1245F73497 /* Debug */ = {
			isa = XCBuildConfiguration;
			buildSettings = {
				ALWAYS_SEARCH_USER_PATHS = NO;
				CLANG_ANALYZER_NONNULL = YES;
				CLANG_CXX_LANGUAGE_STANDARD = "gnu++20";
				CLANG_ENABLE_MODULES = YES;
				CLANG_ENABLE_OBJC_ARC = YES;
				COPY_PHASE_STRIP = NO;
				ENABLE_STRICT_OBJC_MSGSEND = YES;
				MACOSX_DEPLOYMENT_TARGET = 13.0;
				SDKROOT = macosx;
				DEBUG_INFORMATION_FORMAT = dwarf;
				ENABLE_TESTABILITY = YES;
				GCC_DYNAMIC_NO_PIC = NO;
				GCC_OPTIMIZATION_LEVEL = 0;
				GCC_PREPROCESSOR_DEFINITIONS = ("DEBUG=1", "$(inherited)");
				MTL_ENABLE_DEBUG_INFO = INCLUDE_SOURCE;
				ONLY_ACTIVE_ARCH = YES;
				SWIFT_ACTIVE_COMPILATION_CONDITIONS = DEBUG;
				SWIFT_OPTIMIZATION_LEVEL = "-Onone";
			};
			name = Debug;
		};
		E635DC0A16885DF2F7BE774B /* Release */ = {
			isa = XCBuildConfiguration;
			buildSettings = {
				ALWAYS_SEARCH_USER_PATHS = NO;
				CLANG_ANALYZER_NONNULL = YES;
				CLANG_CXX_LANGUAGE_STANDARD = "gnu++20";
				CLANG_ENABLE_MODULES = YES;
				CLANG_ENABLE_OBJC_ARC = YES;
				COPY_PHASE_STRIP = NO;
				ENABLE_STRICT_OBJC_MSGSEND = YES;
				MACOSX_DEPLOYMENT_TARGET = 13.0;
				SDKROOT = macosx;
				DEBUG_INFORMATION_FORMAT = "dwarf-with-dsym";
				ENABLE_NS_ASSERTIONS = NO;
				GCC_OPTIMIZATION_LEVEL = s;
				SWIFT_COMPILATION_MODE = wholemodule;
				SWIFT_OPTIMIZATION_LEVEL = "-O";
			};
			name = Release;
		};
		EA519AEBFC56C3FABDB22367 /* Debug */ = {
			isa = XCBuildConfiguration;
			buildSettings = {
				ASSETCATALOG_COMPILER_APPICON_NAME = AppIcon;
				ASSETCATALOG_COMPILER_GLOBAL_ACCENT_COLOR_NAME = AccentColor;
				CODE_SIGN_ENTITLEMENTS = TeamoA/TeamoA.entitlements;
				"CODE_SIGN_IDENTITY[sdk=macosx*]" = "Developer ID Application";
				CODE_SIGN_STYLE = Manual;
				COMBINE_HIDPI_IMAGES = YES;
				CURRENT_PROJECT_VERSION = 1;
				DEVELOPMENT_TEAM = SK8V5TAN28;
				ENABLE_HARDENED_RUNTIME = YES;
				GENERATE_INFOPLIST_FILE = NO;
				INFOPLIST_FILE = TeamoA/Info.plist;
				LD_RUNPATH_SEARCH_PATHS = ("$(inherited)", "@executable_path/../Frameworks");
				MARKETING_VERSION = 0.2.0;
				PRODUCT_BUNDLE_IDENTIFIER = com.teamolab.teamoa;
				PRODUCT_NAME = "$(TARGET_NAME)";
				SWIFT_EMIT_LOC_STRINGS = YES;
				SWIFT_VERSION = 5.0;
			};
			name = Debug;
		};
		80BB3E01927863D718CAEC94 /* Release */ = {
			isa = XCBuildConfiguration;
			buildSettings = {
				ASSETCATALOG_COMPILER_APPICON_NAME = AppIcon;
				ASSETCATALOG_COMPILER_GLOBAL_ACCENT_COLOR_NAME = AccentColor;
				CODE_SIGN_ENTITLEMENTS = TeamoA/TeamoA.entitlements;
				"CODE_SIGN_IDENTITY[sdk=macosx*]" = "Developer ID Application";
				CODE_SIGN_STYLE = Manual;
				COMBINE_HIDPI_IMAGES = YES;
				CURRENT_PROJECT_VERSION = 1;
				DEVELOPMENT_TEAM = SK8V5TAN28;
				ENABLE_HARDENED_RUNTIME = YES;
				GENERATE_INFOPLIST_FILE = NO;
				INFOPLIST_FILE = TeamoA/Info.plist;
				LD_RUNPATH_SEARCH_PATHS = ("$(inherited)", "@executable_path/../Frameworks");
				MARKETING_VERSION = 0.2.0;
				PRODUCT_BUNDLE_IDENTIFIER = com.teamolab.teamoa;
				PRODUCT_NAME = "$(TARGET_NAME)";
				SWIFT_EMIT_LOC_STRINGS = YES;
				SWIFT_VERSION = 5.0;
			};
			name = Release;
		};
/* End XCBuildConfiguration section */

/* Begin XCConfigurationList section */
		6EBC3EC1F32488E30AF9876B = {
			isa = XCConfigurationList;
			buildConfigurations = (A3FA7BC046E62B1245F73497 /* Debug */, E635DC0A16885DF2F7BE774B /* Release */);
			defaultConfigurationIsVisible = 0;
			defaultConfigurationName = Release;
		};
		210C36C6289F9B5EE230C602 = {
			isa = XCConfigurationList;
			buildConfigurations = (EA519AEBFC56C3FABDB22367 /* Debug */, 80BB3E01927863D718CAEC94 /* Release */);
			defaultConfigurationIsVisible = 0;
			defaultConfigurationName = Release;
		};
/* End XCConfigurationList section */

/* Begin XCRemoteSwiftPackageReference section */
		74BB83A59DAB176451068784 /* XCRemoteSwiftPackageReference "SwiftTerm" */ = {
			isa = XCRemoteSwiftPackageReference;
			repositoryURL = "https://github.com/migueldeicaza/SwiftTerm.git";
			requirement = {
				kind = upToNextMajorVersion;
				minimumVersion = 1.0.0;
			};
		};
/* End XCRemoteSwiftPackageReference section */

/* Begin XCSwiftPackageProductDependency section */
		9CE0B8D89C8DCF9B2C9960F7 /* SwiftTerm */ = {
			isa = XCSwiftPackageProductDependency;
			package = 74BB83A59DAB176451068784;
			productName = SwiftTerm;
		};
/* End XCSwiftPackageProductDependency section */

	};
	rootObject = 46F86FAA6BBF9AC94A7E4595 /* Project object */;
}
